
Microsoft Visual Studio Solution File, Format Version 12.00
# Visual Studio 14
VisualStudioVersion = 14.0.25420.1
MinimumVisualStudioVersion = 10.0.40219.1
Project("{FAE04EC0-301F-11D3-BF4B-00C04F79EFBC}") = "AC_project", "AC_project\AC_project.csproj", "{FD4966F9-E265-4B22-9574-4810CC875E8E}"
EndProject
Project("{FAE04EC0-301F-11D3-BF4B-00C04F79EFBC}") = "AC_projectTests2", "AC_projectTests2\AC_projectTests2.csproj", "{9C6C84FE-7707-4A87-A238-3662468AFAE6}"
EndProject
Global
	GlobalSection(SolutionConfigurationPlatforms) = preSolution
		Debug|Any CPU = Debug|Any CPU
		Release|Any CPU = Release|Any CPU
	EndGlobalSection
	GlobalSection(ProjectConfigurationPlatforms) = postSolution
		{FD4966F9-E265-4B22-9574-4810CC875E8E}.Debug|Any CPU.ActiveCfg = Debug|Any CPU
		{FD4966F9-E265-4B22-9574-4810CC875E8E}.Debug|Any CPU.Build.0 = Debug|Any CPU
		{FD4966F9-E265-4B22-9574-4810CC875E8E}.Release|Any CPU.ActiveCfg = Release|Any CPU
		{FD4966F9-E265-4B22-9574-4810CC875E8E}.Release|Any CPU.Build.0 = Release|Any CPU
		{9C6C84FE-7707-4A87-A238-3662468AFAE6}.Debug|Any CPU.ActiveCfg = Debug|Any CPU
		{9C6C84FE-7707-4A87-A238-3662468AFAE6}.Debug|Any CPU.Build.0 = Debug|Any CPU
		{9C6C84FE-7707-4A87-A238-3662468AFAE6}.Release|Any CPU.ActiveCfg = Release|Any CPU
		{9C6C84FE-7707-4A87-A238-3662468AFAE6}.Release|Any CPU.Build.0 = Release|Any CPU
	EndGlobalSection
	GlobalSection(SolutionProperties) = preSolution
		HideSolutionNode = FALSE
	EndGlobalSection
EndGlobal
